
Microsoft Visual Studio Solution File, Format Version 12.00
# Visual Studio Version 17
VisualStudioVersion = 17.5.002.0
MinimumVisualStudioVersion = 10.0.40219.1
Project("{9A19103F-16F7-4668-BE54-9A1E7A4F7556}") = "blazor-google-auth", "blazor-google-auth.csproj", "{4C3DF373-684B-4C6F-823D-6210F45E83EB}"
EndProject
Global
	GlobalSection(SolutionConfigurationPlatforms) = preSolution
		Debug|Any CPU = Debug|Any CPU
		Release|Any CPU = Release|Any CPU
	EndGlobalSection
	GlobalSection(ProjectConfigurationPlatforms) = postSolution
		{4C3DF373-684B-4C6F-823D-6210F45E83EB}.Debug|Any CPU.ActiveCfg = Debug|Any CPU
		{4C3DF373-684B-4C6F-823D-6210F45E83EB}.Debug|Any CPU.Build.0 = Debug|Any CPU
		{4C3DF373-684B-4C6F-823D-6210F45E83EB}.Release|Any CPU.ActiveCfg = Release|Any CPU
		{4C3DF373-684B-4C6F-823D-6210F45E83EB}.Release|Any CPU.Build.0 = Release|Any CPU
	EndGlobalSection
	GlobalSection(SolutionProperties) = preSolution
		HideSolutionNode = FALSE
	EndGlobalSection
	GlobalSection(ExtensibilityGlobals) = postSolution
		SolutionGuid = {BD98F493-F221-488F-B856-25E1771CEFC4}
	EndGlobalSection
EndGlobal
