
Microsoft Visual Studio Solution File, Format Version 12.00
# Visual Studio Version 17
VisualStudioVersion = 17.6.33317.419
MinimumVisualStudioVersion = 10.0.40219.1
Project("{FAE04EC0-301F-11D3-BF4B-00C04F79EFBC}") = "PropertyManager.API", "PropertyManager.API\PropertyManager.API.csproj", "{533840E5-ADD7-4609-B33E-89724BE05BC6}"
EndProject
Global
	GlobalSection(SolutionConfigurationPlatforms) = preSolution
		Debug|Any CPU = Debug|Any CPU
		Release|Any CPU = Release|Any CPU
	EndGlobalSection
	GlobalSection(ProjectConfigurationPlatforms) = postSolution
		{533840E5-ADD7-4609-B33E-89724BE05BC6}.Debug|Any CPU.ActiveCfg = Debug|Any CPU
		{533840E5-ADD7-4609-B33E-89724BE05BC6}.Debug|Any CPU.Build.0 = Debug|Any CPU
		{533840E5-ADD7-4609-B33E-89724BE05BC6}.Release|Any CPU.ActiveCfg = Release|Any CPU
		{533840E5-ADD7-4609-B33E-89724BE05BC6}.Release|Any CPU.Build.0 = Release|Any CPU
	EndGlobalSection
	GlobalSection(SolutionProperties) = preSolution
		HideSolutionNode = FALSE
	EndGlobalSection
	GlobalSection(ExtensibilityGlobals) = postSolution
		SolutionGuid = {51E37FBB-F267-46F1-BD78-B1ACE54E6B71}
	EndGlobalSection
EndGlobal
